
Microsoft Visual Studio Solution File, Format Version 12.00
# Visual Studio 15
VisualStudioVersion = 15.0.26430.13
MinimumVisualStudioVersion = 10.0.40219.1
Project("{FAE04EC0-301F-11D3-BF4B-00C04F79EFBC}") = "Bully.Android", "Bully\Bully.Android\Bully.Android.csproj", "{93799C75-6FE0-4A01-AA5D-151721330DFD}"
EndProject
Project("{FAE04EC0-301F-11D3-BF4B-00C04F79EFBC}") = "Bully", "Bully\Bully\Bully.csproj", "{E5086108-10A4-4625-8CBF-096076E41B19}"
EndProject
Project("{FAE04EC0-301F-11D3-BF4B-00C04F79EFBC}") = "Bully.UWP", "Bully\Bully.UWP\Bully.UWP.csproj", "{FADDC4E9-4167-404B-B191-4568046508D0}"
EndProject
Project("{FAE04EC0-301F-11D3-BF4B-00C04F79EFBC}") = "Bully.iOS", "Bully\Bully.iOS\Bully.iOS.csproj", "{03C183AE-60AB-444D-976A-D60ED87C22D5}"
EndProject
Global
	GlobalSection(SolutionConfigurationPlatforms) = preSolution
		Ad-Hoc|Any CPU = Ad-Hoc|Any CPU
		Ad-Hoc|ARM = Ad-Hoc|ARM
		Ad-Hoc|iPhone = Ad-Hoc|iPhone
		Ad-Hoc|iPhoneSimulator = Ad-Hoc|iPhoneSimulator
		Ad-Hoc|x64 = Ad-Hoc|x64
		Ad-Hoc|x86 = Ad-Hoc|x86
		AppStore|Any CPU = AppStore|Any CPU
		AppStore|ARM = AppStore|ARM
		AppStore|iPhone = AppStore|iPhone
		AppStore|iPhoneSimulator = AppStore|iPhoneSimulator
		AppStore|x64 = AppStore|x64
		AppStore|x86 = AppStore|x86
		Debug|Any CPU = Debug|Any CPU
		Debug|ARM = Debug|ARM
		Debug|iPhone = Debug|iPhone
		Debug|iPhoneSimulator = Debug|iPhoneSimulator
		Debug|x64 = Debug|x64
		Debug|x86 = Debug|x86
		Release|Any CPU = Release|Any CPU
		Release|ARM = Release|ARM
		Release|iPhone = Release|iPhone
		Release|iPhoneSimulator = Release|iPhoneSimulator
		Release|x64 = Release|x64
		Release|x86 = Release|x86
	EndGlobalSection
	GlobalSection(ProjectConfigurationPlatforms) = postSolution
		{93799C75-6FE0-4A01-AA5D-151721330DFD}.Ad-Hoc|Any CPU.ActiveCfg = Release|Any CPU
		{93799C75-6FE0-4A01-AA5D-151721330DFD}.Ad-Hoc|Any CPU.Build.0 = Release|Any CPU
		{93799C75-6FE0-4A01-AA5D-151721330DFD}.Ad-Hoc|Any CPU.Deploy.0 = Release|Any CPU
		{93799C75-6FE0-4A01-AA5D-151721330DFD}.Ad-Hoc|ARM.ActiveCfg = Release|Any CPU
		{93799C75-6FE0-4A01-AA5D-151721330DFD}.Ad-Hoc|ARM.Build.0 = Release|Any CPU
		{93799C75-6FE0-4A01-AA5D-151721330DFD}.Ad-Hoc|ARM.Deploy.0 = Release|Any CPU
		{93799C75-6FE0-4A01-AA5D-151721330DFD}.Ad-Hoc|iPhone.ActiveCfg = Release|Any CPU
		{93799C75-6FE0-4A01-AA5D-151721330DFD}.Ad-Hoc|iPhone.Build.0 = Release|Any CPU
		{93799C75-6FE0-4A01-AA5D-151721330DFD}.Ad-Hoc|iPhone.Deploy.0 = Release|Any CPU
		{93799C75-6FE0-4A01-AA5D-151721330DFD}.Ad-Hoc|iPhoneSimulator.ActiveCfg = Release|Any CPU
		{93799C75-6FE0-4A01-AA5D-151721330DFD}.Ad-Hoc|iPhoneSimulator.Build.0 = Release|Any CPU
		{93799C75-6FE0-4A01-AA5D-151721330DFD}.Ad-Hoc|iPhoneSimulator.Deploy.0 = Release|Any CPU
		{93799C75-6FE0-4A01-AA5D-151721330DFD}.Ad-Hoc|x64.ActiveCfg = Release|Any CPU
		{93799C75-6FE0-4A01-AA5D-151721330DFD}.Ad-Hoc|x64.Build.0 = Release|Any CPU
		{93799C75-6FE0-4A01-AA5D-151721330DFD}.Ad-Hoc|x64.Deploy.0 = Release|Any CPU
		{93799C75-6FE0-4A01-AA5D-151721330DFD}.Ad-Hoc|x86.ActiveCfg = Release|Any CPU
		{93799C75-6FE0-4A01-AA5D-151721330DFD}.Ad-Hoc|x86.Build.0 = Release|Any CPU
		{93799C75-6FE0-4A01-AA5D-151721330DFD}.Ad-Hoc|x86.Deploy.0 = Release|Any CPU
		{93799C75-6FE0-4A01-AA5D-151721330DFD}.AppStore|Any CPU.ActiveCfg = Release|Any CPU
		{93799C75-6FE0-4A01-AA5D-151721330DFD}.AppStore|Any CPU.Build.0 = Release|Any CPU
		{93799C75-6FE0-4A01-AA5D-151721330DFD}.AppStore|Any CPU.Deploy.0 = Release|Any CPU
		{93799C75-6FE0-4A01-AA5D-151721330DFD}.AppStore|ARM.ActiveCfg = Release|Any CPU
		{93799C75-6FE0-4A01-AA5D-151721330DFD}.AppStore|ARM.Build.0 = Release|Any CPU
		{93799C75-6FE0-4A01-AA5D-151721330DFD}.AppStore|ARM.Deploy.0 = Release|Any CPU
		{93799C75-6FE0-4A01-AA5D-151721330DFD}.AppStore|iPhone.ActiveCfg = Release|Any CPU
		{93799C75-6FE0-4A01-AA5D-151721330DFD}.AppStore|iPhone.Build.0 = Release|Any CPU
		{93799C75-6FE0-4A01-AA5D-151721330DFD}.AppStore|iPhone.Deploy.0 = Release|Any CPU
		{93799C75-6FE0-4A01-AA5D-151721330DFD}.AppStore|iPhoneSimulator.ActiveCfg = Release|Any CPU
		{93799C75-6FE0-4A01-AA5D-151721330DFD}.AppStore|iPhoneSimulator.Build.0 = Release|Any CPU
		{93799C75-6FE0-4A01-AA5D-151721330DFD}.AppStore|iPhoneSimulator.Deploy.0 = Release|Any CPU
		{93799C75-6FE0-4A01-AA5D-151721330DFD}.AppStore|x64.ActiveCfg = Release|Any CPU
		{93799C75-6FE0-4A01-AA5D-151721330DFD}.AppStore|x64.Build.0 = Release|Any CPU
		{93799C75-6FE0-4A01-AA5D-151721330DFD}.AppStore|x64.Deploy.0 = Release|Any CPU
		{93799C75-6FE0-4A01-AA5D-151721330DFD}.AppStore|x86.ActiveCfg = Release|Any CPU
		{93799C75-6FE0-4A01-AA5D-151721330DFD}.AppStore|x86.Build.0 = Release|Any CPU
		{93799C75-6FE0-4A01-AA5D-151721330DFD}.AppStore|x86.Deploy.0 = Release|Any CPU
		{93799C75-6FE0-4A01-AA5D-151721330DFD}.Debug|Any CPU.ActiveCfg = Debug|Any CPU
		{93799C75-6FE0-4A01-AA5D-151721330DFD}.Debug|Any CPU.Build.0 = Debug|Any CPU
		{93799C75-6FE0-4A01-AA5D-151721330DFD}.Debug|Any CPU.Deploy.0 = Debug|Any CPU
		{93799C75-6FE0-4A01-AA5D-151721330DFD}.Debug|ARM.ActiveCfg = Debug|Any CPU
		{93799C75-6FE0-4A01-AA5D-151721330DFD}.Debug|ARM.Build.0 = Debug|Any CPU
		{93799C75-6FE0-4A01-AA5D-151721330DFD}.Debug|ARM.Deploy.0 = Debug|Any CPU
		{93799C75-6FE0-4A01-AA5D-151721330DFD}.Debug|iPhone.ActiveCfg = Debug|Any CPU
		{93799C75-6FE0-4A01-AA5D-151721330DFD}.Debug|iPhone.Build.0 = Debug|Any CPU
		{93799C75-6FE0-4A01-AA5D-151721330DFD}.Debug|iPhone.Deploy.0 = Debug|Any CPU
		{93799C75-6FE0-4A01-AA5D-151721330DFD}.Debug|iPhoneSimulator.ActiveCfg = Debug|Any CPU
		{93799C75-6FE0-4A01-AA5D-151721330DFD}.Debug|iPhoneSimulator.Build.0 = Debug|Any CPU
		{93799C75-6FE0-4A01-AA5D-151721330DFD}.Debug|iPhoneSimulator.Deploy.0 = Debug|Any CPU
		{93799C75-6FE0-4A01-AA5D-151721330DFD}.Debug|x64.ActiveCfg = Debug|Any CPU
		{93799C75-6FE0-4A01-AA5D-151721330DFD}.Debug|x64.Build.0 = Debug|Any CPU
		{93799C75-6FE0-4A01-AA5D-151721330DFD}.Debug|x64.Deploy.0 = Debug|Any CPU
		{93799C75-6FE0-4A01-AA5D-151721330DFD}.Debug|x86.ActiveCfg = Debug|Any CPU
		{93799C75-6FE0-4A01-AA5D-151721330DFD}.Debug|x86.Build.0 = Debug|Any CPU
		{93799C75-6FE0-4A01-AA5D-151721330DFD}.Debug|x86.Deploy.0 = Debug|Any CPU
		{93799C75-6FE0-4A01-AA5D-151721330DFD}.Release|Any CPU.ActiveCfg = Release|Any CPU
		{93799C75-6FE0-4A01-AA5D-151721330DFD}.Release|Any CPU.Build.0 = Release|Any CPU
		{93799C75-6FE0-4A01-AA5D-151721330DFD}.Release|Any CPU.Deploy.0 = Release|Any CPU
		{93799C75-6FE0-4A01-AA5D-151721330DFD}.Release|ARM.ActiveCfg = Release|Any CPU
		{93799C75-6FE0-4A01-AA5D-151721330DFD}.Release|ARM.Build.0 = Release|Any CPU
		{93799C75-6FE0-4A01-AA5D-151721330DFD}.Release|ARM.Deploy.0 = Release|Any CPU
		{93799C75-6FE0-4A01-AA5D-151721330DFD}.Release|iPhone.ActiveCfg = Release|Any CPU
		{93799C75-6FE0-4A01-AA5D-151721330DFD}.Release|iPhone.Build.0 = Release|Any CPU
		{93799C75-6FE0-4A01-AA5D-151721330DFD}.Release|iPhone.Deploy.0 = Release|Any CPU
		{93799C75-6FE0-4A01-AA5D-151721330DFD}.Release|iPhoneSimulator.ActiveCfg = Release|Any CPU
		{93799C75-6FE0-4A01-AA5D-151721330DFD}.Release|iPhoneSimulator.Build.0 = Release|Any CPU
		{93799C75-6FE0-4A01-AA5D-151721330DFD}.Release|iPhoneSimulator.Deploy.0 = Release|Any CPU
		{93799C75-6FE0-4A01-AA5D-151721330DFD}.Release|x64.ActiveCfg = Release|Any CPU
		{93799C75-6FE0-4A01-AA5D-151721330DFD}.Release|x64.Build.0 = Release|Any CPU
		{93799C75-6FE0-4A01-AA5D-151721330DFD}.Release|x64.Deploy.0 = Release|Any CPU
		{93799C75-6FE0-4A01-AA5D-151721330DFD}.Release|x86.ActiveCfg = Release|Any CPU
		{93799C75-6FE0-4A01-AA5D-151721330DFD}.Release|x86.Build.0 = Release|Any CPU
		{93799C75-6FE0-4A01-AA5D-151721330DFD}.Release|x86.Deploy.0 = Release|Any CPU
		{E5086108-10A4-4625-8CBF-096076E41B19}.Ad-Hoc|Any CPU.ActiveCfg = Release|Any CPU
		{E5086108-10A4-4625-8CBF-096076E41B19}.Ad-Hoc|Any CPU.Build.0 = Release|Any CPU
		{E5086108-10A4-4625-8CBF-096076E41B19}.Ad-Hoc|ARM.ActiveCfg = Release|Any CPU
		{E5086108-10A4-4625-8CBF-096076E41B19}.Ad-Hoc|ARM.Build.0 = Release|Any CPU
		{E5086108-10A4-4625-8CBF-096076E41B19}.Ad-Hoc|iPhone.ActiveCfg = Release|Any CPU
		{E5086108-10A4-4625-8CBF-096076E41B19}.Ad-Hoc|iPhone.Build.0 = Release|Any CPU
		{E5086108-10A4-4625-8CBF-096076E41B19}.Ad-Hoc|iPhoneSimulator.ActiveCfg = Release|Any CPU
		{E5086108-10A4-4625-8CBF-096076E41B19}.Ad-Hoc|iPhoneSimulator.Build.0 = Release|Any CPU
		{E5086108-10A4-4625-8CBF-096076E41B19}.Ad-Hoc|x64.ActiveCfg = Release|Any CPU
		{E5086108-10A4-4625-8CBF-096076E41B19}.Ad-Hoc|x64.Build.0 = Release|Any CPU
		{E5086108-10A4-4625-8CBF-096076E41B19}.Ad-Hoc|x86.ActiveCfg = Release|Any CPU
		{E5086108-10A4-4625-8CBF-096076E41B19}.Ad-Hoc|x86.Build.0 = Release|Any CPU
		{E5086108-10A4-4625-8CBF-096076E41B19}.AppStore|Any CPU.ActiveCfg = Release|Any CPU
		{E5086108-10A4-4625-8CBF-096076E41B19}.AppStore|Any CPU.Build.0 = Release|Any CPU
		{E5086108-10A4-4625-8CBF-096076E41B19}.AppStore|ARM.ActiveCfg = Release|Any CPU
		{E5086108-10A4-4625-8CBF-096076E41B19}.AppStore|ARM.Build.0 = Release|Any CPU
		{E5086108-10A4-4625-8CBF-096076E41B19}.AppStore|iPhone.ActiveCfg = Release|Any CPU
		{E5086108-10A4-4625-8CBF-096076E41B19}.AppStore|iPhone.Build.0 = Release|Any CPU
		{E5086108-10A4-4625-8CBF-096076E41B19}.AppStore|iPhoneSimulator.ActiveCfg = Release|Any CPU
		{E5086108-10A4-4625-8CBF-096076E41B19}.AppStore|iPhoneSimulator.Build.0 = Release|Any CPU
		{E5086108-10A4-4625-8CBF-096076E41B19}.AppStore|x64.ActiveCfg = Release|Any CPU
		{E5086108-10A4-4625-8CBF-096076E41B19}.AppStore|x64.Build.0 = Release|Any CPU
		{E5086108-10A4-4625-8CBF-096076E41B19}.AppStore|x86.ActiveCfg = Release|Any CPU
		{E5086108-10A4-4625-8CBF-096076E41B19}.AppStore|x86.Build.0 = Release|Any CPU
		{E5086108-10A4-4625-8CBF-096076E41B19}.Debug|Any CPU.ActiveCfg = Debug|Any CPU
		{E5086108-10A4-4625-8CBF-096076E41B19}.Debug|Any CPU.Build.0 = Debug|Any CPU
		{E5086108-10A4-4625-8CBF-096076E41B19}.Debug|ARM.ActiveCfg = Debug|Any CPU
		{E5086108-10A4-4625-8CBF-096076E41B19}.Debug|ARM.Build.0 = Debug|Any CPU
		{E5086108-10A4-4625-8CBF-096076E41B19}.Debug|iPhone.ActiveCfg = Debug|Any CPU
		{E5086108-10A4-4625-8CBF-096076E41B19}.Debug|iPhone.Build.0 = Debug|Any CPU
		{E5086108-10A4-4625-8CBF-096076E41B19}.Debug|iPhoneSimulator.ActiveCfg = Debug|Any CPU
		{E5086108-10A4-4625-8CBF-096076E41B19}.Debug|iPhoneSimulator.Build.0 = Debug|Any CPU
		{E5086108-10A4-4625-8CBF-096076E41B19}.Debug|x64.ActiveCfg = Debug|Any CPU
		{E5086108-10A4-4625-8CBF-096076E41B19}.Debug|x64.Build.0 = Debug|Any CPU
		{E5086108-10A4-4625-8CBF-096076E41B19}.Debug|x86.ActiveCfg = Debug|Any CPU
		{E5086108-10A4-4625-8CBF-096076E41B19}.Debug|x86.Build.0 = Debug|Any CPU
		{E5086108-10A4-4625-8CBF-096076E41B19}.Debug|x86.Deploy.0 = Debug|Any CPU
		{E5086108-10A4-4625-8CBF-096076E41B19}.Release|Any CPU.ActiveCfg = Release|Any CPU
		{E5086108-10A4-4625-8CBF-096076E41B19}.Release|Any CPU.Build.0 = Release|Any CPU
		{E5086108-10A4-4625-8CBF-096076E41B19}.Release|ARM.ActiveCfg = Release|Any CPU
		{E5086108-10A4-4625-8CBF-096076E41B19}.Release|ARM.Build.0 = Release|Any CPU
		{E5086108-10A4-4625-8CBF-096076E41B19}.Release|iPhone.ActiveCfg = Release|Any CPU
		{E5086108-10A4-4625-8CBF-096076E41B19}.Release|iPhone.Build.0 = Release|Any CPU
		{E5086108-10A4-4625-8CBF-096076E41B19}.Release|iPhoneSimulator.ActiveCfg = Release|Any CPU
		{E5086108-10A4-4625-8CBF-096076E41B19}.Release|iPhoneSimulator.Build.0 = Release|Any CPU
		{E5086108-10A4-4625-8CBF-096076E41B19}.Release|x64.ActiveCfg = Release|Any CPU
		{E5086108-10A4-4625-8CBF-096076E41B19}.Release|x64.Build.0 = Release|Any CPU
		{E5086108-10A4-4625-8CBF-096076E41B19}.Release|x86.ActiveCfg = Release|Any CPU
		{E5086108-10A4-4625-8CBF-096076E41B19}.Release|x86.Build.0 = Release|Any CPU
		{E5086108-10A4-4625-8CBF-096076E41B19}.Release|x86.Deploy.0 = Release|Any CPU
		{FADDC4E9-4167-404B-B191-4568046508D0}.Ad-Hoc|Any CPU.ActiveCfg = Release|x86
		{FADDC4E9-4167-404B-B191-4568046508D0}.Ad-Hoc|Any CPU.Build.0 = Release|x86
		{FADDC4E9-4167-404B-B191-4568046508D0}.Ad-Hoc|Any CPU.Deploy.0 = Release|x86
		{FADDC4E9-4167-404B-B191-4568046508D0}.Ad-Hoc|ARM.ActiveCfg = Release|ARM
		{FADDC4E9-4167-404B-B191-4568046508D0}.Ad-Hoc|ARM.Build.0 = Release|ARM
		{FADDC4E9-4167-404B-B191-4568046508D0}.Ad-Hoc|ARM.Deploy.0 = Release|ARM
		{FADDC4E9-4167-404B-B191-4568046508D0}.Ad-Hoc|iPhone.ActiveCfg = Release|x86
		{FADDC4E9-4167-404B-B191-4568046508D0}.Ad-Hoc|iPhone.Build.0 = Release|x86
		{FADDC4E9-4167-404B-B191-4568046508D0}.Ad-Hoc|iPhone.Deploy.0 = Release|x86
		{FADDC4E9-4167-404B-B191-4568046508D0}.Ad-Hoc|iPhoneSimulator.ActiveCfg = Release|x86
		{FADDC4E9-4167-404B-B191-4568046508D0}.Ad-Hoc|iPhoneSimulator.Build.0 = Release|x86
		{FADDC4E9-4167-404B-B191-4568046508D0}.Ad-Hoc|iPhoneSimulator.Deploy.0 = Release|x86
		{FADDC4E9-4167-404B-B191-4568046508D0}.Ad-Hoc|x64.ActiveCfg = Release|x64
		{FADDC4E9-4167-404B-B191-4568046508D0}.Ad-Hoc|x64.Build.0 = Release|x64
		{FADDC4E9-4167-404B-B191-4568046508D0}.Ad-Hoc|x64.Deploy.0 = Release|x64
		{FADDC4E9-4167-404B-B191-4568046508D0}.Ad-Hoc|x86.ActiveCfg = Release|x86
		{FADDC4E9-4167-404B-B191-4568046508D0}.Ad-Hoc|x86.Build.0 = Release|x86
		{FADDC4E9-4167-404B-B191-4568046508D0}.Ad-Hoc|x86.Deploy.0 = Release|x86
		{FADDC4E9-4167-404B-B191-4568046508D0}.AppStore|Any CPU.ActiveCfg = Release|x86
		{FADDC4E9-4167-404B-B191-4568046508D0}.AppStore|Any CPU.Build.0 = Release|x86
		{FADDC4E9-4167-404B-B191-4568046508D0}.AppStore|Any CPU.Deploy.0 = Release|x86
		{FADDC4E9-4167-404B-B191-4568046508D0}.AppStore|ARM.ActiveCfg = Release|ARM
		{FADDC4E9-4167-404B-B191-4568046508D0}.AppStore|ARM.Build.0 = Release|ARM
		{FADDC4E9-4167-404B-B191-4568046508D0}.AppStore|ARM.Deploy.0 = Release|ARM
		{FADDC4E9-4167-404B-B191-4568046508D0}.AppStore|iPhone.ActiveCfg = Release|x86
		{FADDC4E9-4167-404B-B191-4568046508D0}.AppStore|iPhone.Build.0 = Release|x86
		{FADDC4E9-4167-404B-B191-4568046508D0}.AppStore|iPhone.Deploy.0 = Release|x86
		{FADDC4E9-4167-404B-B191-4568046508D0}.AppStore|iPhoneSimulator.ActiveCfg = Release|x86
		{FADDC4E9-4167-404B-B191-4568046508D0}.AppStore|iPhoneSimulator.Build.0 = Release|x86
		{FADDC4E9-4167-404B-B191-4568046508D0}.AppStore|iPhoneSimulator.Deploy.0 = Release|x86
		{FADDC4E9-4167-404B-B191-4568046508D0}.AppStore|x64.ActiveCfg = Release|x64
		{FADDC4E9-4167-404B-B191-4568046508D0}.AppStore|x64.Build.0 = Release|x64
		{FADDC4E9-4167-404B-B191-4568046508D0}.AppStore|x64.Deploy.0 = Release|x64
		{FADDC4E9-4167-404B-B191-4568046508D0}.AppStore|x86.ActiveCfg = Release|x86
		{FADDC4E9-4167-404B-B191-4568046508D0}.AppStore|x86.Build.0 = Release|x86
		{FADDC4E9-4167-404B-B191-4568046508D0}.AppStore|x86.Deploy.0 = Release|x86
		{FADDC4E9-4167-404B-B191-4568046508D0}.Debug|Any CPU.ActiveCfg = Debug|x86
		{FADDC4E9-4167-404B-B191-4568046508D0}.Debug|ARM.ActiveCfg = Debug|ARM
		{FADDC4E9-4167-404B-B191-4568046508D0}.Debug|ARM.Build.0 = Debug|ARM
		{FADDC4E9-4167-404B-B191-4568046508D0}.Debug|ARM.Deploy.0 = Debug|ARM
		{FADDC4E9-4167-404B-B191-4568046508D0}.Debug|iPhone.ActiveCfg = Debug|x86
		{FADDC4E9-4167-404B-B191-4568046508D0}.Debug|iPhoneSimulator.ActiveCfg = Debug|x86
		{FADDC4E9-4167-404B-B191-4568046508D0}.Debug|x64.ActiveCfg = Debug|x64
		{FADDC4E9-4167-404B-B191-4568046508D0}.Debug|x64.Build.0 = Debug|x64
		{FADDC4E9-4167-404B-B191-4568046508D0}.Debug|x64.Deploy.0 = Debug|x64
		{FADDC4E9-4167-404B-B191-4568046508D0}.Debug|x86.ActiveCfg = Debug|x86
		{FADDC4E9-4167-404B-B191-4568046508D0}.Debug|x86.Build.0 = Debug|x86
		{FADDC4E9-4167-404B-B191-4568046508D0}.Debug|x86.Deploy.0 = Debug|x86
		{FADDC4E9-4167-404B-B191-4568046508D0}.Release|Any CPU.ActiveCfg = Release|x86
		{FADDC4E9-4167-404B-B191-4568046508D0}.Release|ARM.ActiveCfg = Release|ARM
		{FADDC4E9-4167-404B-B191-4568046508D0}.Release|ARM.Build.0 = Release|ARM
		{FADDC4E9-4167-404B-B191-4568046508D0}.Release|ARM.Deploy.0 = Release|ARM
		{FADDC4E9-4167-404B-B191-4568046508D0}.Release|iPhone.ActiveCfg = Release|x86
		{FADDC4E9-4167-404B-B191-4568046508D0}.Release|iPhoneSimulator.ActiveCfg = Release|x86
		{FADDC4E9-4167-404B-B191-4568046508D0}.Release|x64.ActiveCfg = Release|x64
		{FADDC4E9-4167-404B-B191-4568046508D0}.Release|x64.Build.0 = Release|x64
		{FADDC4E9-4167-404B-B191-4568046508D0}.Release|x64.Deploy.0 = Release|x64
		{FADDC4E9-4167-404B-B191-4568046508D0}.Release|x86.ActiveCfg = Release|x86
		{FADDC4E9-4167-404B-B191-4568046508D0}.Release|x86.Build.0 = Release|x86
		{FADDC4E9-4167-404B-B191-4568046508D0}.Release|x86.Deploy.0 = Release|x86
		{03C183AE-60AB-444D-976A-D60ED87C22D5}.Ad-Hoc|Any CPU.ActiveCfg = Ad-Hoc|iPhone
		{03C183AE-60AB-444D-976A-D60ED87C22D5}.Ad-Hoc|ARM.ActiveCfg = Ad-Hoc|iPhone
		{03C183AE-60AB-444D-976A-D60ED87C22D5}.Ad-Hoc|iPhone.ActiveCfg = Ad-Hoc|iPhone
		{03C183AE-60AB-444D-976A-D60ED87C22D5}.Ad-Hoc|iPhone.Build.0 = Ad-Hoc|iPhone
		{03C183AE-60AB-444D-976A-D60ED87C22D5}.Ad-Hoc|iPhoneSimulator.ActiveCfg = Ad-Hoc|iPhoneSimulator
		{03C183AE-60AB-444D-976A-D60ED87C22D5}.Ad-Hoc|iPhoneSimulator.Build.0 = Ad-Hoc|iPhoneSimulator
		{03C183AE-60AB-444D-976A-D60ED87C22D5}.Ad-Hoc|x64.ActiveCfg = Ad-Hoc|iPhone
		{03C183AE-60AB-444D-976A-D60ED87C22D5}.Ad-Hoc|x86.ActiveCfg = Ad-Hoc|iPhone
		{03C183AE-60AB-444D-976A-D60ED87C22D5}.AppStore|Any CPU.ActiveCfg = AppStore|iPhone
		{03C183AE-60AB-444D-976A-D60ED87C22D5}.AppStore|ARM.ActiveCfg = AppStore|iPhone
		{03C183AE-60AB-444D-976A-D60ED87C22D5}.AppStore|iPhone.ActiveCfg = AppStore|iPhone
		{03C183AE-60AB-444D-976A-D60ED87C22D5}.AppStore|iPhone.Build.0 = AppStore|iPhone
		{03C183AE-60AB-444D-976A-D60ED87C22D5}.AppStore|iPhoneSimulator.ActiveCfg = AppStore|iPhoneSimulator
		{03C183AE-60AB-444D-976A-D60ED87C22D5}.AppStore|iPhoneSimulator.Build.0 = AppStore|iPhoneSimulator
		{03C183AE-60AB-444D-976A-D60ED87C22D5}.AppStore|x64.ActiveCfg = AppStore|iPhone
		{03C183AE-60AB-444D-976A-D60ED87C22D5}.AppStore|x86.ActiveCfg = AppStore|iPhone
		{03C183AE-60AB-444D-976A-D60ED87C22D5}.Debug|Any CPU.ActiveCfg = Debug|iPhone
		{03C183AE-60AB-444D-976A-D60ED87C22D5}.Debug|ARM.ActiveCfg = Debug|iPhone
		{03C183AE-60AB-444D-976A-D60ED87C22D5}.Debug|iPhone.ActiveCfg = Debug|iPhone
		{03C183AE-60AB-444D-976A-D60ED87C22D5}.Debug|iPhone.Build.0 = Debug|iPhone
		{03C183AE-60AB-444D-976A-D60ED87C22D5}.Debug|iPhoneSimulator.ActiveCfg = Debug|iPhoneSimulator
		{03C183AE-60AB-444D-976A-D60ED87C22D5}.Debug|iPhoneSimulator.Build.0 = Debug|iPhoneSimulator
		{03C183AE-60AB-444D-976A-D60ED87C22D5}.Debug|x64.ActiveCfg = Debug|iPhone
		{03C183AE-60AB-444D-976A-D60ED87C22D5}.Debug|x86.ActiveCfg = Debug|iPhone
		{03C183AE-60AB-444D-976A-D60ED87C22D5}.Debug|x86.Deploy.0 = Debug|iPhone
		{03C183AE-60AB-444D-976A-D60ED87C22D5}.Release|Any CPU.ActiveCfg = Release|iPhone
		{03C183AE-60AB-444D-976A-D60ED87C22D5}.Release|ARM.ActiveCfg = Release|iPhone
		{03C183AE-60AB-444D-976A-D60ED87C22D5}.Release|iPhone.ActiveCfg = Release|iPhone
		{03C183AE-60AB-444D-976A-D60ED87C22D5}.Release|iPhone.Build.0 = Release|iPhone
		{03C183AE-60AB-444D-976A-D60ED87C22D5}.Release|iPhoneSimulator.ActiveCfg = Release|iPhoneSimulator
		{03C183AE-60AB-444D-976A-D60ED87C22D5}.Release|iPhoneSimulator.Build.0 = Release|iPhoneSimulator
		{03C183AE-60AB-444D-976A-D60ED87C22D5}.Release|x64.ActiveCfg = Release|iPhone
		{03C183AE-60AB-444D-976A-D60ED87C22D5}.Release|x86.ActiveCfg = Release|iPhone
	EndGlobalSection
	GlobalSection(SolutionProperties) = preSolution
		HideSolutionNode = FALSE
	EndGlobalSection
EndGlobal
